
Microsoft Visual Studio Solution File, Format Version 12.00
# Visual Studio Version 16
VisualStudioVersion = 16.0.30523.141
MinimumVisualStudioVersion = 10.0.40219.1
Project("{9A19103F-16F7-4668-BE54-9A1E7A4F7556}") = "Restfull", "Restfull\Restfull.csproj", "{509F8909-EF75-4831-A704-562B00BEF9BF}"
EndProject
Project("{FAE04EC0-301F-11D3-BF4B-00C04F79EFBC}") = "Restfull.Test", "Restfull.Test\Restfull.Test.csproj", "{531F38AB-023F-40F3-950D-3B051686C039}"
EndProject
Global
	GlobalSection(SolutionConfigurationPlatforms) = preSolution
		Debug|Any CPU = Debug|Any CPU
		Release|Any CPU = Release|Any CPU
	EndGlobalSection
	GlobalSection(ProjectConfigurationPlatforms) = postSolution
		{509F8909-EF75-4831-A704-562B00BEF9BF}.Debug|Any CPU.ActiveCfg = Debug|Any CPU
		{509F8909-EF75-4831-A704-562B00BEF9BF}.Debug|Any CPU.Build.0 = Debug|Any CPU
		{509F8909-EF75-4831-A704-562B00BEF9BF}.Release|Any CPU.ActiveCfg = Release|Any CPU
		{509F8909-EF75-4831-A704-562B00BEF9BF}.Release|Any CPU.Build.0 = Release|Any CPU
		{531F38AB-023F-40F3-950D-3B051686C039}.Debug|Any CPU.ActiveCfg = Debug|Any CPU
		{531F38AB-023F-40F3-950D-3B051686C039}.Debug|Any CPU.Build.0 = Debug|Any CPU
		{531F38AB-023F-40F3-950D-3B051686C039}.Release|Any CPU.ActiveCfg = Release|Any CPU
		{531F38AB-023F-40F3-950D-3B051686C039}.Release|Any CPU.Build.0 = Release|Any CPU
	EndGlobalSection
	GlobalSection(SolutionProperties) = preSolution
		HideSolutionNode = FALSE
	EndGlobalSection
	GlobalSection(ExtensibilityGlobals) = postSolution
		SolutionGuid = {A47B02B2-B18D-4A12-B3C6-8F24084EDFDB}
	EndGlobalSection
EndGlobal
